{
  "name": "js-h1ynh8",
  "version": "0.0.0",
  "lockfileVersion": 1,
  "requires": true,
  "dependencies": {
    "flex-css-classes": {
      "version": "1.1.0",
      "resolved": "https://registry.npmjs.org/flex-css-classes/-/flex-css-classes-1.1.0.tgz",
      "integrity": "sha512-tOfTHON+NvYBZAGf4gaVsIPZjBxCZ+kDphV4eA4zKGzpqKUS0E+ATfQnDyJoZXqI2HU+v+08wejdD54/Bw0oEQ=="
    },
    "mustache": {
      "version": "4.0.0",
      "resolved": "https://registry.npmjs.org/mustache/-/mustache-4.0.0.tgz",
      "integrity": "sha512-FJgjyX/IVkbXBXYUwH+OYwQKqWpFPLaLVESd70yHjSDunwzV2hZOoTBvPf4KLoxesUzzyfTH6F784Uqd7Wm5yA=="
    }
  }
}
